
Microsoft Visual Studio Solution File, Format Version 12.00
# Visual Studio Version 16
VisualStudioVersion = 16.0.30804.86
MinimumVisualStudioVersion = 10.0.40219.1
Project("{FAE04EC0-301F-11D3-BF4B-00C04F79EFBC}") = "lesson1.1", "lesson1.1\lesson1.1.csproj", "{BF2F1634-1F4F-460C-80DD-3E79858079F9}"
EndProject
Project("{FAE04EC0-301F-11D3-BF4B-00C04F79EFBC}") = "lesson1.2", "lesson1.2\lesson1.2.csproj", "{93810593-0C77-434B-ACA4-71AFC8E0471B}"
EndProject
Global
	GlobalSection(SolutionConfigurationPlatforms) = preSolution
		Debug|Any CPU = Debug|Any CPU
		Release|Any CPU = Release|Any CPU
	EndGlobalSection
	GlobalSection(ProjectConfigurationPlatforms) = postSolution
		{BF2F1634-1F4F-460C-80DD-3E79858079F9}.Debug|Any CPU.ActiveCfg = Debug|Any CPU
		{BF2F1634-1F4F-460C-80DD-3E79858079F9}.Debug|Any CPU.Build.0 = Debug|Any CPU
		{BF2F1634-1F4F-460C-80DD-3E79858079F9}.Release|Any CPU.ActiveCfg = Release|Any CPU
		{BF2F1634-1F4F-460C-80DD-3E79858079F9}.Release|Any CPU.Build.0 = Release|Any CPU
		{93810593-0C77-434B-ACA4-71AFC8E0471B}.Debug|Any CPU.ActiveCfg = Debug|Any CPU
		{93810593-0C77-434B-ACA4-71AFC8E0471B}.Debug|Any CPU.Build.0 = Debug|Any CPU
		{93810593-0C77-434B-ACA4-71AFC8E0471B}.Release|Any CPU.ActiveCfg = Release|Any CPU
		{93810593-0C77-434B-ACA4-71AFC8E0471B}.Release|Any CPU.Build.0 = Release|Any CPU
	EndGlobalSection
	GlobalSection(SolutionProperties) = preSolution
		HideSolutionNode = FALSE
	EndGlobalSection
	GlobalSection(ExtensibilityGlobals) = postSolution
		SolutionGuid = {BB6E1BD0-B2FD-44AF-8F0F-B246D659A49D}
	EndGlobalSection
EndGlobal
