
Microsoft Visual Studio Solution File, Format Version 12.00
# Visual Studio Version 16
VisualStudioVersion = 16.0.30804.86
MinimumVisualStudioVersion = 10.0.40219.1
Project("{FAE04EC0-301F-11D3-BF4B-00C04F79EFBC}") = "lesson5.1", "lesson5.1\lesson5.1.csproj", "{8EE0F931-F251-4E32-B6E8-2A1414C7260B}"
EndProject
Project("{FAE04EC0-301F-11D3-BF4B-00C04F79EFBC}") = "lesson5.2", "lesson5.2\lesson5.2.csproj", "{C2BD8437-141E-4E3F-99D7-F8EBC026B3DF}"
EndProject
Global
	GlobalSection(SolutionConfigurationPlatforms) = preSolution
		Debug|Any CPU = Debug|Any CPU
		Release|Any CPU = Release|Any CPU
	EndGlobalSection
	GlobalSection(ProjectConfigurationPlatforms) = postSolution
		{8EE0F931-F251-4E32-B6E8-2A1414C7260B}.Debug|Any CPU.ActiveCfg = Debug|Any CPU
		{8EE0F931-F251-4E32-B6E8-2A1414C7260B}.Debug|Any CPU.Build.0 = Debug|Any CPU
		{8EE0F931-F251-4E32-B6E8-2A1414C7260B}.Release|Any CPU.ActiveCfg = Release|Any CPU
		{8EE0F931-F251-4E32-B6E8-2A1414C7260B}.Release|Any CPU.Build.0 = Release|Any CPU
		{C2BD8437-141E-4E3F-99D7-F8EBC026B3DF}.Debug|Any CPU.ActiveCfg = Debug|Any CPU
		{C2BD8437-141E-4E3F-99D7-F8EBC026B3DF}.Debug|Any CPU.Build.0 = Debug|Any CPU
		{C2BD8437-141E-4E3F-99D7-F8EBC026B3DF}.Release|Any CPU.ActiveCfg = Release|Any CPU
		{C2BD8437-141E-4E3F-99D7-F8EBC026B3DF}.Release|Any CPU.Build.0 = Release|Any CPU
	EndGlobalSection
	GlobalSection(SolutionProperties) = preSolution
		HideSolutionNode = FALSE
	EndGlobalSection
	GlobalSection(ExtensibilityGlobals) = postSolution
		SolutionGuid = {BB6E1BD0-B2FD-44AF-8F0F-B246D659A49D}
	EndGlobalSection
EndGlobal
